// !$*UTF8*$!
{
	archiveVersion = 1;
	classes = {
	};
	objectVersion = 52;
	objects = {

/* Begin PBXBuildFile section */
		EB6A1BE3241F0AF70014C0B1 /* AppDelegate.swift in Sources */ = {isa = PBXBuildFile; fileRef = EB6A1BE2241F0AF70014C0B1 /* AppDelegate.swift */; };
		EB6A1BE5241F0AF70014C0B1 /* SceneDelegate.swift in Sources */ = {isa = PBXBuildFile; fileRef = EB6A1BE4241F0AF70014C0B1 /* SceneDelegate.swift */; };
		EB6A1BE7241F0AF70014C0B1 /* ContentView.swift in Sources */ = {isa = PBXBuildFile; fileRef = EB6A1BE6241F0AF70014C0B1 /* ContentView.swift */; };
		EB6A1BE9241F0AF80014C0B1 /* Assets.xcassets in Resources */ = {isa = PBXBuildFile; fileRef = EB6A1BE8241F0AF80014C0B1 /* Assets.xcassets */; };
		EB6A1BEC241F0AF80014C0B1 /* Preview Assets.xcassets in Resources */ = {isa = PBXBuildFile; fileRef = EB6A1BEB241F0AF80014C0B1 /* Preview Assets.xcassets */; };
		EB6A1BEF241F0AF80014C0B1 /* LaunchScreen.storyboard in Resources */ = {isa = PBXBuildFile; fileRef = EB6A1BED241F0AF80014C0B1 /* LaunchScreen.storyboard */; };
		EB6A1BFA241F0BED0014C0B1 /* libresolv.tbd in Frameworks */ = {isa = PBXBuildFile; fileRef = EB6A1BF8241F0BD40014C0B1 /* libresolv.tbd */; platformFilter = ios; };
		EB6A1BFB241F0C0D0014C0B1 /* libbuoyfinder_core.a in Frameworks */ = {isa = PBXBuildFile; fileRef = EB6A1BF9241F0BE70014C0B1 /* libbuoyfinder_core.a */; platformFilter = ios; };
		EB6A1C06241F0C660014C0B1 /* BuoyStation.swift in Sources */ = {isa = PBXBuildFile; fileRef = EB6A1BFF241F0C660014C0B1 /* BuoyStation.swift */; };
		EB6A1C07241F0C660014C0B1 /* BuoyStationItemViewData.swift in Sources */ = {isa = PBXBuildFile; fileRef = EB6A1C00241F0C660014C0B1 /* BuoyStationItemViewData.swift */; };
		EB6A1C08241F0C670014C0B1 /* ExploreView.swift in Sources */ = {isa = PBXBuildFile; fileRef = EB6A1C01241F0C660014C0B1 /* ExploreView.swift */; };
		EB6A1C09241F0C670014C0B1 /* ExploreViewData.swift in Sources */ = {isa = PBXBuildFile; fileRef = EB6A1C02241F0C660014C0B1 /* ExploreViewData.swift */; };
		EB6A1C0A241F0C670014C0B1 /* WeakHandle.swift in Sources */ = {isa = PBXBuildFile; fileRef = EB6A1C03241F0C660014C0B1 /* WeakHandle.swift */; };
		EB6A1C0B241F0C670014C0B1 /* Store.swift in Sources */ = {isa = PBXBuildFile; fileRef = EB6A1C04241F0C660014C0B1 /* Store.swift */; };
		EB6A1C0C241F0C670014C0B1 /* Location.swift in Sources */ = {isa = PBXBuildFile; fileRef = EB6A1C05241F0C660014C0B1 /* Location.swift */; };
/* End PBXBuildFile section */

/* Begin PBXFileReference section */
		EB6A1BDF241F0AF70014C0B1 /* BuoyFinder.app */ = {isa = PBXFileReference; explicitFileType = wrapper.application; includeInIndex = 0; path = BuoyFinder.app; sourceTree = BUILT_PRODUCTS_DIR; };
		EB6A1BE2241F0AF70014C0B1 /* AppDelegate.swift */ = {isa = PBXFileReference; lastKnownFileType = sourcecode.swift; path = AppDelegate.swift; sourceTree = "<group>"; };
		EB6A1BE4241F0AF70014C0B1 /* SceneDelegate.swift */ = {isa = PBXFileReference; lastKnownFileType = sourcecode.swift; path = SceneDelegate.swift; sourceTree = "<group>"; };
		EB6A1BE6241F0AF70014C0B1 /* ContentView.swift */ = {isa = PBXFileReference; lastKnownFileType = sourcecode.swift; path = ContentView.swift; sourceTree = "<group>"; };
		EB6A1BE8241F0AF80014C0B1 /* Assets.xcassets */ = {isa = PBXFileReference; lastKnownFileType = folder.assetcatalog; path = Assets.xcassets; sourceTree = "<group>"; };
		EB6A1BEB241F0AF80014C0B1 /* Preview Assets.xcassets */ = {isa = PBXFileReference; lastKnownFileType = folder.assetcatalog; path = "Preview Assets.xcassets"; sourceTree = "<group>"; };
		EB6A1BEE241F0AF80014C0B1 /* Base */ = {isa = PBXFileReference; lastKnownFileType = file.storyboard; name = Base; path = Base.lproj/LaunchScreen.storyboard; sourceTree = "<group>"; };
		EB6A1BF0241F0AF80014C0B1 /* Info.plist */ = {isa = PBXFileReference; lastKnownFileType = text.plist.xml; path = Info.plist; sourceTree = "<group>"; };
		EB6A1BF6241F0BC20014C0B1 /* BuoyFinder.entitlements */ = {isa = PBXFileReference; lastKnownFileType = text.plist.entitlements; path = BuoyFinder.entitlements; sourceTree = "<group>"; };
		EB6A1BF8241F0BD40014C0B1 /* libresolv.tbd */ = {isa = PBXFileReference; lastKnownFileType = "sourcecode.text-based-dylib-definition"; name = libresolv.tbd; path = Platforms/MacOSX.platform/Developer/SDKs/MacOSX10.15.sdk/usr/lib/libresolv.tbd; sourceTree = DEVELOPER_DIR; };
		EB6A1BF9241F0BE70014C0B1 /* libbuoyfinder_core.a */ = {isa = PBXFileReference; lastKnownFileType = archive.ar; name = libbuoyfinder_core.a; path = ../core/target/universal/release/libbuoyfinder_core.a; sourceTree = "<group>"; };
		EB6A1BFC241F0C1D0014C0B1 /* buoyfinder_core.h */ = {isa = PBXFileReference; fileEncoding = 4; lastKnownFileType = sourcecode.c.h; path = buoyfinder_core.h; sourceTree = "<group>"; };
		EB6A1BFF241F0C660014C0B1 /* BuoyStation.swift */ = {isa = PBXFileReference; fileEncoding = 4; lastKnownFileType = sourcecode.swift; name = BuoyStation.swift; path = ../../core/bindings/swift/BuoyStation.swift; sourceTree = "<group>"; };
		EB6A1C00241F0C660014C0B1 /* BuoyStationItemViewData.swift */ = {isa = PBXFileReference; fileEncoding = 4; lastKnownFileType = sourcecode.swift; name = BuoyStationItemViewData.swift; path = ../../core/bindings/swift/BuoyStationItemViewData.swift; sourceTree = "<group>"; };
		EB6A1C01241F0C660014C0B1 /* ExploreView.swift */ = {isa = PBXFileReference; fileEncoding = 4; lastKnownFileType = sourcecode.swift; name = ExploreView.swift; path = ../../core/bindings/swift/ExploreView.swift; sourceTree = "<group>"; };
		EB6A1C02241F0C660014C0B1 /* ExploreViewData.swift */ = {isa = PBXFileReference; fileEncoding = 4; lastKnownFileType = sourcecode.swift; name = ExploreViewData.swift; path = ../../core/bindings/swift/ExploreViewData.swift; sourceTree = "<group>"; };
		EB6A1C03241F0C660014C0B1 /* WeakHandle.swift */ = {isa = PBXFileReference; fileEncoding = 4; lastKnownFileType = sourcecode.swift; name = WeakHandle.swift; path = ../../core/bindings/swift/WeakHandle.swift; sourceTree = "<group>"; };
		EB6A1C04241F0C660014C0B1 /* Store.swift */ = {isa = PBXFileReference; fileEncoding = 4; lastKnownFileType = sourcecode.swift; name = Store.swift; path = ../../core/bindings/swift/Store.swift; sourceTree = "<group>"; };
		EB6A1C05241F0C660014C0B1 /* Location.swift */ = {isa = PBXFileReference; fileEncoding = 4; lastKnownFileType = sourcecode.swift; name = Location.swift; path = ../../core/bindings/swift/Location.swift; sourceTree = "<group>"; };
		EB6A1C0D241F0CE70014C0B1 /* BuoyFinder-Bridging-Header.h */ = {isa = PBXFileReference; lastKnownFileType = sourcecode.c.h; path = "BuoyFinder-Bridging-Header.h"; sourceTree = "<group>"; };
/* End PBXFileReference section */

/* Begin PBXFrameworksBuildPhase section */
		EB6A1BDC241F0AF70014C0B1 /* Frameworks */ = {
			isa = PBXFrameworksBuildPhase;
			buildActionMask = 2147483647;
			files = (
				EB6A1BFA241F0BED0014C0B1 /* libresolv.tbd in Frameworks */,
				EB6A1BFB241F0C0D0014C0B1 /* libbuoyfinder_core.a in Frameworks */,
			);
			runOnlyForDeploymentPostprocessing = 0;
		};
/* End PBXFrameworksBuildPhase section */

/* Begin PBXGroup section */
		EB6A1BD6241F0AF60014C0B1 = {
			isa = PBXGroup;
			children = (
				EB6A1BE1241F0AF70014C0B1 /* BuoyFinder */,
				EB6A1BE0241F0AF70014C0B1 /* Products */,
				EB6A1BF7241F0BD40014C0B1 /* Frameworks */,
			);
			sourceTree = "<group>";
		};
		EB6A1BE0241F0AF70014C0B1 /* Products */ = {
			isa = PBXGroup;
			children = (
				EB6A1BDF241F0AF70014C0B1 /* BuoyFinder.app */,
			);
			name = Products;
			sourceTree = "<group>";
		};
		EB6A1BE1241F0AF70014C0B1 /* BuoyFinder */ = {
			isa = PBXGroup;
			children = (
				EB6A1BFE241F0C360014C0B1 /* Core */,
				EB6A1BE2241F0AF70014C0B1 /* AppDelegate.swift */,
				EB6A1BE4241F0AF70014C0B1 /* SceneDelegate.swift */,
				EB6A1BE6241F0AF70014C0B1 /* ContentView.swift */,
				EB6A1BE8241F0AF80014C0B1 /* Assets.xcassets */,
				EB6A1BED241F0AF80014C0B1 /* LaunchScreen.storyboard */,
				EB6A1BF6241F0BC20014C0B1 /* BuoyFinder.entitlements */,
				EB6A1C0D241F0CE70014C0B1 /* BuoyFinder-Bridging-Header.h */,
				EB6A1BF0241F0AF80014C0B1 /* Info.plist */,
				EB6A1BEA241F0AF80014C0B1 /* Preview Content */,
			);
			path = BuoyFinder;
			sourceTree = "<group>";
		};
		EB6A1BEA241F0AF80014C0B1 /* Preview Content */ = {
			isa = PBXGroup;
			children = (
				EB6A1BEB241F0AF80014C0B1 /* Preview Assets.xcassets */,
			);
			path = "Preview Content";
			sourceTree = "<group>";
		};
		EB6A1BF7241F0BD40014C0B1 /* Frameworks */ = {
			isa = PBXGroup;
			children = (
				EB6A1BF9241F0BE70014C0B1 /* libbuoyfinder_core.a */,
				EB6A1BF8241F0BD40014C0B1 /* libresolv.tbd */,
			);
			name = Frameworks;
			sourceTree = "<group>";
		};
		EB6A1BFE241F0C360014C0B1 /* Core */ = {
			isa = PBXGroup;
			children = (
				EB6A1BFF241F0C660014C0B1 /* BuoyStation.swift */,
				EB6A1C00241F0C660014C0B1 /* BuoyStationItemViewData.swift */,
				EB6A1C01241F0C660014C0B1 /* ExploreView.swift */,
				EB6A1C02241F0C660014C0B1 /* ExploreViewData.swift */,
				EB6A1C05241F0C660014C0B1 /* Location.swift */,
				EB6A1C04241F0C660014C0B1 /* Store.swift */,
				EB6A1C03241F0C660014C0B1 /* WeakHandle.swift */,
				EB6A1BFC241F0C1D0014C0B1 /* buoyfinder_core.h */,
			);
			name = Core;
			sourceTree = "<group>";
		};
/* End PBXGroup section */

/* Begin PBXNativeTarget section */
		EB6A1BDE241F0AF70014C0B1 /* BuoyFinder */ = {
			isa = PBXNativeTarget;
			buildConfigurationList = EB6A1BF3241F0AF80014C0B1 /* Build configuration list for PBXNativeTarget "BuoyFinder" */;
			buildPhases = (
				EB6A1BDB241F0AF70014C0B1 /* Sources */,
				EB6A1BDC241F0AF70014C0B1 /* Frameworks */,
				EB6A1BDD241F0AF70014C0B1 /* Resources */,
			);
			buildRules = (
			);
			dependencies = (
			);
			name = BuoyFinder;
			productName = BuoyFinder;
			productReference = EB6A1BDF241F0AF70014C0B1 /* BuoyFinder.app */;
			productType = "com.apple.product-type.application";
		};
/* End PBXNativeTarget section */

/* Begin PBXProject section */
		EB6A1BD7241F0AF60014C0B1 /* Project object */ = {
			isa = PBXProject;
			attributes = {
				LastSwiftUpdateCheck = 1130;
				LastUpgradeCheck = 1130;
				ORGANIZATIONNAME = "Matthew Iannucci";
				TargetAttributes = {
					EB6A1BDE241F0AF70014C0B1 = {
						CreatedOnToolsVersion = 11.3.1;
						LastSwiftMigration = 1130;
					};
				};
			};
			buildConfigurationList = EB6A1BDA241F0AF60014C0B1 /* Build configuration list for PBXProject "BuoyFinder" */;
			compatibilityVersion = "Xcode 9.3";
			developmentRegion = en;
			hasScannedForEncodings = 0;
			knownRegions = (
				en,
				Base,
			);
			mainGroup = EB6A1BD6241F0AF60014C0B1;
			productRefGroup = EB6A1BE0241F0AF70014C0B1 /* Products */;
			projectDirPath = "";
			projectRoot = "";
			targets = (
				EB6A1BDE241F0AF70014C0B1 /* BuoyFinder */,
			);
		};
/* End PBXProject section */

/* Begin PBXResourcesBuildPhase section */
		EB6A1BDD241F0AF70014C0B1 /* Resources */ = {
			isa = PBXResourcesBuildPhase;
			buildActionMask = 2147483647;
			files = (
				EB6A1BEF241F0AF80014C0B1 /* LaunchScreen.storyboard in Resources */,
				EB6A1BEC241F0AF80014C0B1 /* Preview Assets.xcassets in Resources */,
				EB6A1BE9241F0AF80014C0B1 /* Assets.xcassets in Resources */,
			);
			runOnlyForDeploymentPostprocessing = 0;
		};
/* End PBXResourcesBuildPhase section */

/* Begin PBXSourcesBuildPhase section */
		EB6A1BDB241F0AF70014C0B1 /* Sources */ = {
			isa = PBXSourcesBuildPhase;
			buildActionMask = 2147483647;
			files = (
				EB6A1BE3241F0AF70014C0B1 /* AppDelegate.swift in Sources */,
				EB6A1C09241F0C670014C0B1 /* ExploreViewData.swift in Sources */,
				EB6A1C0C241F0C670014C0B1 /* Location.swift in Sources */,
				EB6A1C06241F0C660014C0B1 /* BuoyStation.swift in Sources */,
				EB6A1C0B241F0C670014C0B1 /* Store.swift in Sources */,
				EB6A1BE5241F0AF70014C0B1 /* SceneDelegate.swift in Sources */,
				EB6A1C07241F0C660014C0B1 /* BuoyStationItemViewData.swift in Sources */,
				EB6A1C08241F0C670014C0B1 /* ExploreView.swift in Sources */,
				EB6A1BE7241F0AF70014C0B1 /* ContentView.swift in Sources */,
				EB6A1C0A241F0C670014C0B1 /* WeakHandle.swift in Sources */,
			);
			runOnlyForDeploymentPostprocessing = 0;
		};
/* End PBXSourcesBuildPhase section */

/* Begin PBXVariantGroup section */
		EB6A1BED241F0AF80014C0B1 /* LaunchScreen.storyboard */ = {
			isa = PBXVariantGroup;
			children = (
				EB6A1BEE241F0AF80014C0B1 /* Base */,
			);
			name = LaunchScreen.storyboard;
			sourceTree = "<group>";
		};
/* End PBXVariantGroup section */

/* Begin XCBuildConfiguration section */
		EB6A1BF1241F0AF80014C0B1 /* Debug */ = {
			isa = XCBuildConfiguration;
			buildSettings = {
				ALWAYS_SEARCH_USER_PATHS = NO;
				CLANG_ANALYZER_NONNULL = YES;
				CLANG_ANALYZER_NUMBER_OBJECT_CONVERSION = YES_AGGRESSIVE;
				CLANG_CXX_LANGUAGE_STANDARD = "gnu++14";
				CLANG_CXX_LIBRARY = "libc++";
				CLANG_ENABLE_MODULES = YES;
				CLANG_ENABLE_OBJC_ARC = YES;
				CLANG_ENABLE_OBJC_WEAK = YES;
				CLANG_WARN_BLOCK_CAPTURE_AUTORELEASING = YES;
				CLANG_WARN_BOOL_CONVERSION = YES;
				CLANG_WARN_COMMA = YES;
				CLANG_WARN_CONSTANT_CONVERSION = YES;
				CLANG_WARN_DEPRECATED_OBJC_IMPLEMENTATIONS = YES;
				CLANG_WARN_DIRECT_OBJC_ISA_USAGE = YES_ERROR;
				CLANG_WARN_DOCUMENTATION_COMMENTS = YES;
				CLANG_WARN_EMPTY_BODY = YES;
				CLANG_WARN_ENUM_CONVERSION = YES;
				CLANG_WARN_INFINITE_RECURSION = YES;
				CLANG_WARN_INT_CONVERSION = YES;
				CLANG_WARN_NON_LITERAL_NULL_CONVERSION = YES;
				CLANG_WARN_OBJC_IMPLICIT_RETAIN_SELF = YES;
				CLANG_WARN_OBJC_LITERAL_CONVERSION = YES;
				CLANG_WARN_OBJC_ROOT_CLASS = YES_ERROR;
				CLANG_WARN_RANGE_LOOP_ANALYSIS = YES;
				CLANG_WARN_STRICT_PROTOTYPES = YES;
				CLANG_WARN_SUSPICIOUS_MOVE = YES;
				CLANG_WARN_UNGUARDED_AVAILABILITY = YES_AGGRESSIVE;
				CLANG_WARN_UNREACHABLE_CODE = YES;
				CLANG_WARN__DUPLICATE_METHOD_MATCH = YES;
				COPY_PHASE_STRIP = NO;
				DEBUG_INFORMATION_FORMAT = dwarf;
				ENABLE_STRICT_OBJC_MSGSEND = YES;
				ENABLE_TESTABILITY = YES;
				GCC_C_LANGUAGE_STANDARD = gnu11;
				GCC_DYNAMIC_NO_PIC = NO;
				GCC_NO_COMMON_BLOCKS = YES;
				GCC_OPTIMIZATION_LEVEL = 0;
				GCC_PREPROCESSOR_DEFINITIONS = (
					"DEBUG=1",
					"$(inherited)",
				);
				GCC_WARN_64_TO_32_BIT_CONVERSION = YES;
				GCC_WARN_ABOUT_RETURN_TYPE = YES_ERROR;
				GCC_WARN_UNDECLARED_SELECTOR = YES;
				GCC_WARN_UNINITIALIZED_AUTOS = YES_AGGRESSIVE;
				GCC_WARN_UNUSED_FUNCTION = YES;
				GCC_WARN_UNUSED_VARIABLE = YES;
				IPHONEOS_DEPLOYMENT_TARGET = 13.2;
				MTL_ENABLE_DEBUG_INFO = INCLUDE_SOURCE;
				MTL_FAST_MATH = YES;
				ONLY_ACTIVE_ARCH = YES;
				SDKROOT = iphoneos;
				SWIFT_ACTIVE_COMPILATION_CONDITIONS = DEBUG;
				SWIFT_OPTIMIZATION_LEVEL = "-Onone";
			};
			name = Debug;
		};
		EB6A1BF2241F0AF80014C0B1 /* Release */ = {
			isa = XCBuildConfiguration;
			buildSettings = {
				ALWAYS_SEARCH_USER_PATHS = NO;
				CLANG_ANALYZER_NONNULL = YES;
				CLANG_ANALYZER_NUMBER_OBJECT_CONVERSION = YES_AGGRESSIVE;
				CLANG_CXX_LANGUAGE_STANDARD = "gnu++14";
				CLANG_CXX_LIBRARY = "libc++";
				CLANG_ENABLE_MODULES = YES;
				CLANG_ENABLE_OBJC_ARC = YES;
				CLANG_ENABLE_OBJC_WEAK = YES;
				CLANG_WARN_BLOCK_CAPTURE_AUTORELEASING = YES;
				CLANG_WARN_BOOL_CONVERSION = YES;
				CLANG_WARN_COMMA = YES;
				CLANG_WARN_CONSTANT_CONVERSION = YES;
				CLANG_WARN_DEPRECATED_OBJC_IMPLEMENTATIONS = YES;
				CLANG_WARN_DIRECT_OBJC_ISA_USAGE = YES_ERROR;
				CLANG_WARN_DOCUMENTATION_COMMENTS = YES;
				CLANG_WARN_EMPTY_BODY = YES;
				CLANG_WARN_ENUM_CONVERSION = YES;
				CLANG_WARN_INFINITE_RECURSION = YES;
				CLANG_WARN_INT_CONVERSION = YES;
				CLANG_WARN_NON_LITERAL_NULL_CONVERSION = YES;
				CLANG_WARN_OBJC_IMPLICIT_RETAIN_SELF = YES;
				CLANG_WARN_OBJC_LITERAL_CONVERSION = YES;
				CLANG_WARN_OBJC_ROOT_CLASS = YES_ERROR;
				CLANG_WARN_RANGE_LOOP_ANALYSIS = YES;
				CLANG_WARN_STRICT_PROTOTYPES = YES;
				CLANG_WARN_SUSPICIOUS_MOVE = YES;
				CLANG_WARN_UNGUARDED_AVAILABILITY = YES_AGGRESSIVE;
				CLANG_WARN_UNREACHABLE_CODE = YES;
				CLANG_WARN__DUPLICATE_METHOD_MATCH = YES;
				COPY_PHASE_STRIP = NO;
				DEBUG_INFORMATION_FORMAT = "dwarf-with-dsym";
				ENABLE_NS_ASSERTIONS = NO;
				ENABLE_STRICT_OBJC_MSGSEND = YES;
				GCC_C_LANGUAGE_STANDARD = gnu11;
				GCC_NO_COMMON_BLOCKS = YES;
				GCC_WARN_64_TO_32_BIT_CONVERSION = YES;
				GCC_WARN_ABOUT_RETURN_TYPE = YES_ERROR;
				GCC_WARN_UNDECLARED_SELECTOR = YES;
				GCC_WARN_UNINITIALIZED_AUTOS = YES_AGGRESSIVE;
				GCC_WARN_UNUSED_FUNCTION = YES;
				GCC_WARN_UNUSED_VARIABLE = YES;
				IPHONEOS_DEPLOYMENT_TARGET = 13.2;
				MTL_ENABLE_DEBUG_INFO = NO;
				MTL_FAST_MATH = YES;
				SDKROOT = iphoneos;
				SWIFT_COMPILATION_MODE = wholemodule;
				SWIFT_OPTIMIZATION_LEVEL = "-O";
				VALIDATE_PRODUCT = YES;
			};
			name = Release;
		};
		EB6A1BF4241F0AF80014C0B1 /* Debug */ = {
			isa = XCBuildConfiguration;
			buildSettings = {
				ASSETCATALOG_COMPILER_APPICON_NAME = AppIcon;
				CLANG_ENABLE_MODULES = YES;
				CODE_SIGN_ENTITLEMENTS = BuoyFinder/BuoyFinder.entitlements;
				CODE_SIGN_STYLE = Automatic;
				DEVELOPMENT_ASSET_PATHS = "\"BuoyFinder/Preview Content\"";
				DEVELOPMENT_TEAM = 39L46PD99U;
				ENABLE_PREVIEWS = YES;
				INFOPLIST_FILE = BuoyFinder/Info.plist;
				LD_RUNPATH_SEARCH_PATHS = (
					"$(inherited)",
					"@executable_path/Frameworks",
				);
				LIBRARY_SEARCH_PATHS = "$(PROJECT_DIR)/../core/target/universal/release";
				PRODUCT_BUNDLE_IDENTIFIER = com.mpiannucci.BuoyFinder;
				PRODUCT_NAME = "$(TARGET_NAME)";
				SUPPORTS_MACCATALYST = NO;
				SWIFT_OBJC_BRIDGING_HEADER = "BuoyFinder/BuoyFinder-Bridging-Header.h";
				SWIFT_OPTIMIZATION_LEVEL = "-Onone";
				SWIFT_VERSION = 5.0;
				TARGETED_DEVICE_FAMILY = "1,2";
			};
			name = Debug;
		};
		EB6A1BF5241F0AF80014C0B1 /* Release */ = {
			isa = XCBuildConfiguration;
			buildSettings = {
				ASSETCATALOG_COMPILER_APPICON_NAME = AppIcon;
				CLANG_ENABLE_MODULES = YES;
				CODE_SIGN_ENTITLEMENTS = BuoyFinder/BuoyFinder.entitlements;
				CODE_SIGN_STYLE = Automatic;
				DEVELOPMENT_ASSET_PATHS = "\"BuoyFinder/Preview Content\"";
				DEVELOPMENT_TEAM = 39L46PD99U;
				ENABLE_PREVIEWS = YES;
				INFOPLIST_FILE = BuoyFinder/Info.plist;
				LD_RUNPATH_SEARCH_PATHS = (
					"$(inherited)",
					"@executable_path/Frameworks",
				);
				LIBRARY_SEARCH_PATHS = "$(PROJECT_DIR)/../core/target/universal/release";
				PRODUCT_BUNDLE_IDENTIFIER = com.mpiannucci.BuoyFinder;
				PRODUCT_NAME = "$(TARGET_NAME)";
				SUPPORTS_MACCATALYST = NO;
				SWIFT_OBJC_BRIDGING_HEADER = "BuoyFinder/BuoyFinder-Bridging-Header.h";
				SWIFT_VERSION = 5.0;
				TARGETED_DEVICE_FAMILY = "1,2";
			};
			name = Release;
		};
/* End XCBuildConfiguration section */

/* Begin XCConfigurationList section */
		EB6A1BDA241F0AF60014C0B1 /* Build configuration list for PBXProject "BuoyFinder" */ = {
			isa = XCConfigurationList;
			buildConfigurations = (
				EB6A1BF1241F0AF80014C0B1 /* Debug */,
				EB6A1BF2241F0AF80014C0B1 /* Release */,
			);
			defaultConfigurationIsVisible = 0;
			defaultConfigurationName = Release;
		};
		EB6A1BF3241F0AF80014C0B1 /* Build configuration list for PBXNativeTarget "BuoyFinder" */ = {
			isa = XCConfigurationList;
			buildConfigurations = (
				EB6A1BF4241F0AF80014C0B1 /* Debug */,
				EB6A1BF5241F0AF80014C0B1 /* Release */,
			);
			defaultConfigurationIsVisible = 0;
			defaultConfigurationName = Release;
		};
/* End XCConfigurationList section */
	};
	rootObject = EB6A1BD7241F0AF60014C0B1 /* Project object */;
}
