// !$*UTF8*$!
{
	archiveVersion = 1;
	classes = {
	};
	objectVersion = 48;
	objects = {

/* Begin PBXBuildFile section */
		34799A0B212E48D000BEB05F /* AppDelegate.swift in Sources */ = {isa = PBXBuildFile; fileRef = 34799A0A212E48D000BEB05F /* AppDelegate.swift */; };
		34799A0D212E48D000BEB05F /* ViewController.swift in Sources */ = {isa = PBXBuildFile; fileRef = 34799A0C212E48D000BEB05F /* ViewController.swift */; };
		34799A10212E48D000BEB05F /* Main.storyboard in Resources */ = {isa = PBXBuildFile; fileRef = 34799A0E212E48D000BEB05F /* Main.storyboard */; };
		34799A12212E48D100BEB05F /* Assets.xcassets in Resources */ = {isa = PBXBuildFile; fileRef = 34799A11212E48D100BEB05F /* Assets.xcassets */; };
		34799A15212E48D100BEB05F /* LaunchScreen.storyboard in Resources */ = {isa = PBXBuildFile; fileRef = 34799A13212E48D100BEB05F /* LaunchScreen.storyboard */; };
		34E546602135EF62006BD19A /* BuoyStation.swift in Sources */ = {isa = PBXBuildFile; fileRef = 34E5465F2135EF62006BD19A /* BuoyStation.swift */; };
		34E546652135F3A1006BD19A /* libresolv.tbd in Frameworks */ = {isa = PBXBuildFile; fileRef = 34E546642135F3A0006BD19A /* libresolv.tbd */; };
		34E546672135F3AF006BD19A /* libbuoyfinder.a in Frameworks */ = {isa = PBXBuildFile; fileRef = 34E546662135F3AF006BD19A /* libbuoyfinder.a */; };
		88A71018C67BA1F3B02DEAAC /* Pods_BuoyFinder.framework in Frameworks */ = {isa = PBXBuildFile; fileRef = 60073CF8ABBD33A64897B6B2 /* Pods_BuoyFinder.framework */; };
/* End PBXBuildFile section */

/* Begin PBXFileReference section */
		34799A07212E48D000BEB05F /* BuoyFinder.app */ = {isa = PBXFileReference; explicitFileType = wrapper.application; includeInIndex = 0; path = BuoyFinder.app; sourceTree = BUILT_PRODUCTS_DIR; };
		34799A0A212E48D000BEB05F /* AppDelegate.swift */ = {isa = PBXFileReference; lastKnownFileType = sourcecode.swift; path = AppDelegate.swift; sourceTree = "<group>"; };
		34799A0C212E48D000BEB05F /* ViewController.swift */ = {isa = PBXFileReference; lastKnownFileType = sourcecode.swift; path = ViewController.swift; sourceTree = "<group>"; };
		34799A0F212E48D000BEB05F /* Base */ = {isa = PBXFileReference; lastKnownFileType = file.storyboard; name = Base; path = Base.lproj/Main.storyboard; sourceTree = "<group>"; };
		34799A11212E48D100BEB05F /* Assets.xcassets */ = {isa = PBXFileReference; lastKnownFileType = folder.assetcatalog; path = Assets.xcassets; sourceTree = "<group>"; };
		34799A14212E48D100BEB05F /* Base */ = {isa = PBXFileReference; lastKnownFileType = file.storyboard; name = Base; path = Base.lproj/LaunchScreen.storyboard; sourceTree = "<group>"; };
		34799A16212E48D100BEB05F /* Info.plist */ = {isa = PBXFileReference; lastKnownFileType = text.plist.xml; path = Info.plist; sourceTree = "<group>"; };
		34E5465F2135EF62006BD19A /* BuoyStation.swift */ = {isa = PBXFileReference; lastKnownFileType = sourcecode.swift; name = BuoyStation.swift; path = ../cargo/bindings/swift/BuoyStation.swift; sourceTree = "<group>"; };
		34E546612135EFD3006BD19A /* buoyfinder.h */ = {isa = PBXFileReference; fileEncoding = 4; lastKnownFileType = sourcecode.c.h; name = buoyfinder.h; path = ../cargo/include/buoyfinder.h; sourceTree = "<group>"; };
		34E546622135EFF6006BD19A /* BuoyFinder-Bridging-Header.h */ = {isa = PBXFileReference; lastKnownFileType = sourcecode.c.h; path = "BuoyFinder-Bridging-Header.h"; sourceTree = "<group>"; };
		34E546642135F3A0006BD19A /* libresolv.tbd */ = {isa = PBXFileReference; lastKnownFileType = "sourcecode.text-based-dylib-definition"; name = libresolv.tbd; path = usr/lib/libresolv.tbd; sourceTree = SDKROOT; };
		34E546662135F3AF006BD19A /* libbuoyfinder.a */ = {isa = PBXFileReference; lastKnownFileType = archive.ar; name = libbuoyfinder.a; path = ../cargo/target/universal/release/libbuoyfinder.a; sourceTree = "<group>"; };
		3CE07B93C8787DDA24740BE4 /* Pods-BuoyFinder.debug.xcconfig */ = {isa = PBXFileReference; includeInIndex = 1; lastKnownFileType = text.xcconfig; name = "Pods-BuoyFinder.debug.xcconfig"; path = "Pods/Target Support Files/Pods-BuoyFinder/Pods-BuoyFinder.debug.xcconfig"; sourceTree = "<group>"; };
		60073CF8ABBD33A64897B6B2 /* Pods_BuoyFinder.framework */ = {isa = PBXFileReference; explicitFileType = wrapper.framework; includeInIndex = 0; path = Pods_BuoyFinder.framework; sourceTree = BUILT_PRODUCTS_DIR; };
		96EB73D73B3488B0F204E11B /* Pods-BuoyFinder.release.xcconfig */ = {isa = PBXFileReference; includeInIndex = 1; lastKnownFileType = text.xcconfig; name = "Pods-BuoyFinder.release.xcconfig"; path = "Pods/Target Support Files/Pods-BuoyFinder/Pods-BuoyFinder.release.xcconfig"; sourceTree = "<group>"; };
/* End PBXFileReference section */

/* Begin PBXFrameworksBuildPhase section */
		34799A04212E48D000BEB05F /* Frameworks */ = {
			isa = PBXFrameworksBuildPhase;
			buildActionMask = 2147483647;
			files = (
				34E546672135F3AF006BD19A /* libbuoyfinder.a in Frameworks */,
				34E546652135F3A1006BD19A /* libresolv.tbd in Frameworks */,
				88A71018C67BA1F3B02DEAAC /* Pods_BuoyFinder.framework in Frameworks */,
			);
			runOnlyForDeploymentPostprocessing = 0;
		};
/* End PBXFrameworksBuildPhase section */

/* Begin PBXGroup section */
		142F925BB897C92792B2A86C /* Pods */ = {
			isa = PBXGroup;
			children = (
				3CE07B93C8787DDA24740BE4 /* Pods-BuoyFinder.debug.xcconfig */,
				96EB73D73B3488B0F204E11B /* Pods-BuoyFinder.release.xcconfig */,
			);
			name = Pods;
			sourceTree = "<group>";
		};
		23165D7702496335EC5142BF /* Frameworks */ = {
			isa = PBXGroup;
			children = (
				34E546662135F3AF006BD19A /* libbuoyfinder.a */,
				34E546642135F3A0006BD19A /* libresolv.tbd */,
				60073CF8ABBD33A64897B6B2 /* Pods_BuoyFinder.framework */,
			);
			name = Frameworks;
			sourceTree = "<group>";
		};
		347999FE212E48CF00BEB05F = {
			isa = PBXGroup;
			children = (
				34E5465E2135EF45006BD19A /* Core */,
				34799A09212E48D000BEB05F /* BuoyFinder */,
				34799A08212E48D000BEB05F /* Products */,
				142F925BB897C92792B2A86C /* Pods */,
				23165D7702496335EC5142BF /* Frameworks */,
			);
			sourceTree = "<group>";
		};
		34799A08212E48D000BEB05F /* Products */ = {
			isa = PBXGroup;
			children = (
				34799A07212E48D000BEB05F /* BuoyFinder.app */,
			);
			name = Products;
			sourceTree = "<group>";
		};
		34799A09212E48D000BEB05F /* BuoyFinder */ = {
			isa = PBXGroup;
			children = (
				34799A0A212E48D000BEB05F /* AppDelegate.swift */,
				34799A0C212E48D000BEB05F /* ViewController.swift */,
				34799A0E212E48D000BEB05F /* Main.storyboard */,
				34799A11212E48D100BEB05F /* Assets.xcassets */,
				34799A13212E48D100BEB05F /* LaunchScreen.storyboard */,
				34799A16212E48D100BEB05F /* Info.plist */,
				34E546622135EFF6006BD19A /* BuoyFinder-Bridging-Header.h */,
			);
			path = BuoyFinder;
			sourceTree = "<group>";
		};
		34E5465E2135EF45006BD19A /* Core */ = {
			isa = PBXGroup;
			children = (
				34E546612135EFD3006BD19A /* buoyfinder.h */,
				34E5465F2135EF62006BD19A /* BuoyStation.swift */,
			);
			name = Core;
			sourceTree = "<group>";
		};
/* End PBXGroup section */

/* Begin PBXNativeTarget section */
		34799A06212E48D000BEB05F /* BuoyFinder */ = {
			isa = PBXNativeTarget;
			buildConfigurationList = 34799A19212E48D100BEB05F /* Build configuration list for PBXNativeTarget "BuoyFinder" */;
			buildPhases = (
				4D4EC4A801AA925122855358 /* [CP] Check Pods Manifest.lock */,
				34799A03212E48D000BEB05F /* Sources */,
				34799A04212E48D000BEB05F /* Frameworks */,
				34799A05212E48D000BEB05F /* Resources */,
				CEB7670156C7D8642ADA2804 /* [CP] Embed Pods Frameworks */,
				6F622AB032143353DB9D4059 /* [CP] Copy Pods Resources */,
			);
			buildRules = (
			);
			dependencies = (
			);
			name = BuoyFinder;
			productName = BuoyFinder;
			productReference = 34799A07212E48D000BEB05F /* BuoyFinder.app */;
			productType = "com.apple.product-type.application";
		};
/* End PBXNativeTarget section */

/* Begin PBXProject section */
		347999FF212E48CF00BEB05F /* Project object */ = {
			isa = PBXProject;
			attributes = {
				LastSwiftUpdateCheck = 0940;
				LastUpgradeCheck = 0940;
				ORGANIZATIONNAME = "Matthew Iannucci";
				TargetAttributes = {
					34799A06212E48D000BEB05F = {
						CreatedOnToolsVersion = 9.4.1;
						LastSwiftMigration = 0940;
						ProvisioningStyle = Automatic;
					};
				};
			};
			buildConfigurationList = 34799A02212E48CF00BEB05F /* Build configuration list for PBXProject "BuoyFinder" */;
			compatibilityVersion = "Xcode 8.0";
			developmentRegion = en;
			hasScannedForEncodings = 0;
			knownRegions = (
				en,
				Base,
			);
			mainGroup = 347999FE212E48CF00BEB05F;
			productRefGroup = 34799A08212E48D000BEB05F /* Products */;
			projectDirPath = "";
			projectRoot = "";
			targets = (
				34799A06212E48D000BEB05F /* BuoyFinder */,
			);
		};
/* End PBXProject section */

/* Begin PBXResourcesBuildPhase section */
		34799A05212E48D000BEB05F /* Resources */ = {
			isa = PBXResourcesBuildPhase;
			buildActionMask = 2147483647;
			files = (
				34799A15212E48D100BEB05F /* LaunchScreen.storyboard in Resources */,
				34799A12212E48D100BEB05F /* Assets.xcassets in Resources */,
				34799A10212E48D000BEB05F /* Main.storyboard in Resources */,
			);
			runOnlyForDeploymentPostprocessing = 0;
		};
/* End PBXResourcesBuildPhase section */

/* Begin PBXShellScriptBuildPhase section */
		4D4EC4A801AA925122855358 /* [CP] Check Pods Manifest.lock */ = {
			isa = PBXShellScriptBuildPhase;
			buildActionMask = 2147483647;
			files = (
			);
			inputPaths = (
				"${PODS_PODFILE_DIR_PATH}/Podfile.lock",
				"${PODS_ROOT}/Manifest.lock",
			);
			name = "[CP] Check Pods Manifest.lock";
			outputPaths = (
				"$(DERIVED_FILE_DIR)/Pods-BuoyFinder-checkManifestLockResult.txt",
			);
			runOnlyForDeploymentPostprocessing = 0;
			shellPath = /bin/sh;
			shellScript = "diff \"${PODS_PODFILE_DIR_PATH}/Podfile.lock\" \"${PODS_ROOT}/Manifest.lock\" > /dev/null\nif [ $? != 0 ] ; then\n    # print error to STDERR\n    echo \"error: The sandbox is not in sync with the Podfile.lock. Run 'pod install' or update your CocoaPods installation.\" >&2\n    exit 1\nfi\n# This output is used by Xcode 'outputs' to avoid re-running this script phase.\necho \"SUCCESS\" > \"${SCRIPT_OUTPUT_FILE_0}\"\n";
			showEnvVarsInLog = 0;
		};
		6F622AB032143353DB9D4059 /* [CP] Copy Pods Resources */ = {
			isa = PBXShellScriptBuildPhase;
			buildActionMask = 2147483647;
			files = (
			);
			inputPaths = (
				"${SRCROOT}/Pods/Target Support Files/Pods-BuoyFinder/Pods-BuoyFinder-resources.sh",
				"${PODS_ROOT}/GoogleMaps/Maps/Frameworks/GoogleMaps.framework/Resources/GoogleMaps.bundle",
				"${PODS_ROOT}/GooglePlaces/Frameworks/GooglePlaces.framework/Resources/GooglePlaces.bundle",
			);
			name = "[CP] Copy Pods Resources";
			outputPaths = (
				"${TARGET_BUILD_DIR}/${UNLOCALIZED_RESOURCES_FOLDER_PATH}/GoogleMaps.bundle",
				"${TARGET_BUILD_DIR}/${UNLOCALIZED_RESOURCES_FOLDER_PATH}/GooglePlaces.bundle",
			);
			runOnlyForDeploymentPostprocessing = 0;
			shellPath = /bin/sh;
			shellScript = "\"${SRCROOT}/Pods/Target Support Files/Pods-BuoyFinder/Pods-BuoyFinder-resources.sh\"\n";
			showEnvVarsInLog = 0;
		};
		CEB7670156C7D8642ADA2804 /* [CP] Embed Pods Frameworks */ = {
			isa = PBXShellScriptBuildPhase;
			buildActionMask = 2147483647;
			files = (
			);
			inputPaths = (
				"${SRCROOT}/Pods/Target Support Files/Pods-BuoyFinder/Pods-BuoyFinder-frameworks.sh",
				"${BUILT_PRODUCTS_DIR}/AsyncImageView/AsyncImageView.framework",
				"${BUILT_PRODUCTS_DIR}/Pulley/Pulley.framework",
				"${BUILT_PRODUCTS_DIR}/RxCocoa/RxCocoa.framework",
				"${BUILT_PRODUCTS_DIR}/RxSwift/RxSwift.framework",
				"${BUILT_PRODUCTS_DIR}/SwiftLocation/SwiftLocation.framework",
				"${BUILT_PRODUCTS_DIR}/SwiftyJSON/SwiftyJSON.framework",
			);
			name = "[CP] Embed Pods Frameworks";
			outputPaths = (
				"${TARGET_BUILD_DIR}/${FRAMEWORKS_FOLDER_PATH}/AsyncImageView.framework",
				"${TARGET_BUILD_DIR}/${FRAMEWORKS_FOLDER_PATH}/Pulley.framework",
				"${TARGET_BUILD_DIR}/${FRAMEWORKS_FOLDER_PATH}/RxCocoa.framework",
				"${TARGET_BUILD_DIR}/${FRAMEWORKS_FOLDER_PATH}/RxSwift.framework",
				"${TARGET_BUILD_DIR}/${FRAMEWORKS_FOLDER_PATH}/SwiftLocation.framework",
				"${TARGET_BUILD_DIR}/${FRAMEWORKS_FOLDER_PATH}/SwiftyJSON.framework",
			);
			runOnlyForDeploymentPostprocessing = 0;
			shellPath = /bin/sh;
			shellScript = "\"${SRCROOT}/Pods/Target Support Files/Pods-BuoyFinder/Pods-BuoyFinder-frameworks.sh\"\n";
			showEnvVarsInLog = 0;
		};
/* End PBXShellScriptBuildPhase section */

/* Begin PBXSourcesBuildPhase section */
		34799A03212E48D000BEB05F /* Sources */ = {
			isa = PBXSourcesBuildPhase;
			buildActionMask = 2147483647;
			files = (
				34E546602135EF62006BD19A /* BuoyStation.swift in Sources */,
				34799A0D212E48D000BEB05F /* ViewController.swift in Sources */,
				34799A0B212E48D000BEB05F /* AppDelegate.swift in Sources */,
			);
			runOnlyForDeploymentPostprocessing = 0;
		};
/* End PBXSourcesBuildPhase section */

/* Begin PBXVariantGroup section */
		34799A0E212E48D000BEB05F /* Main.storyboard */ = {
			isa = PBXVariantGroup;
			children = (
				34799A0F212E48D000BEB05F /* Base */,
			);
			name = Main.storyboard;
			sourceTree = "<group>";
		};
		34799A13212E48D100BEB05F /* LaunchScreen.storyboard */ = {
			isa = PBXVariantGroup;
			children = (
				34799A14212E48D100BEB05F /* Base */,
			);
			name = LaunchScreen.storyboard;
			sourceTree = "<group>";
		};
/* End PBXVariantGroup section */

/* Begin XCBuildConfiguration section */
		34799A17212E48D100BEB05F /* Debug */ = {
			isa = XCBuildConfiguration;
			buildSettings = {
				ALWAYS_SEARCH_USER_PATHS = NO;
				CLANG_ANALYZER_NONNULL = YES;
				CLANG_ANALYZER_NUMBER_OBJECT_CONVERSION = YES_AGGRESSIVE;
				CLANG_CXX_LANGUAGE_STANDARD = "gnu++14";
				CLANG_CXX_LIBRARY = "libc++";
				CLANG_ENABLE_MODULES = YES;
				CLANG_ENABLE_OBJC_ARC = YES;
				CLANG_ENABLE_OBJC_WEAK = YES;
				CLANG_WARN_BLOCK_CAPTURE_AUTORELEASING = YES;
				CLANG_WARN_BOOL_CONVERSION = YES;
				CLANG_WARN_COMMA = YES;
				CLANG_WARN_CONSTANT_CONVERSION = YES;
				CLANG_WARN_DEPRECATED_OBJC_IMPLEMENTATIONS = YES;
				CLANG_WARN_DIRECT_OBJC_ISA_USAGE = YES_ERROR;
				CLANG_WARN_DOCUMENTATION_COMMENTS = YES;
				CLANG_WARN_EMPTY_BODY = YES;
				CLANG_WARN_ENUM_CONVERSION = YES;
				CLANG_WARN_INFINITE_RECURSION = YES;
				CLANG_WARN_INT_CONVERSION = YES;
				CLANG_WARN_NON_LITERAL_NULL_CONVERSION = YES;
				CLANG_WARN_OBJC_IMPLICIT_RETAIN_SELF = YES;
				CLANG_WARN_OBJC_LITERAL_CONVERSION = YES;
				CLANG_WARN_OBJC_ROOT_CLASS = YES_ERROR;
				CLANG_WARN_RANGE_LOOP_ANALYSIS = YES;
				CLANG_WARN_STRICT_PROTOTYPES = YES;
				CLANG_WARN_SUSPICIOUS_MOVE = YES;
				CLANG_WARN_UNGUARDED_AVAILABILITY = YES_AGGRESSIVE;
				CLANG_WARN_UNREACHABLE_CODE = YES;
				CLANG_WARN__DUPLICATE_METHOD_MATCH = YES;
				CODE_SIGN_IDENTITY = "iPhone Developer";
				COPY_PHASE_STRIP = NO;
				DEBUG_INFORMATION_FORMAT = dwarf;
				ENABLE_STRICT_OBJC_MSGSEND = YES;
				ENABLE_TESTABILITY = YES;
				GCC_C_LANGUAGE_STANDARD = gnu11;
				GCC_DYNAMIC_NO_PIC = NO;
				GCC_NO_COMMON_BLOCKS = YES;
				GCC_OPTIMIZATION_LEVEL = 0;
				GCC_PREPROCESSOR_DEFINITIONS = (
					"DEBUG=1",
					"$(inherited)",
				);
				GCC_WARN_64_TO_32_BIT_CONVERSION = YES;
				GCC_WARN_ABOUT_RETURN_TYPE = YES_ERROR;
				GCC_WARN_UNDECLARED_SELECTOR = YES;
				GCC_WARN_UNINITIALIZED_AUTOS = YES_AGGRESSIVE;
				GCC_WARN_UNUSED_FUNCTION = YES;
				GCC_WARN_UNUSED_VARIABLE = YES;
				IPHONEOS_DEPLOYMENT_TARGET = 11.4;
				MTL_ENABLE_DEBUG_INFO = YES;
				ONLY_ACTIVE_ARCH = YES;
				SDKROOT = iphoneos;
				SWIFT_ACTIVE_COMPILATION_CONDITIONS = DEBUG;
				SWIFT_OPTIMIZATION_LEVEL = "-Onone";
			};
			name = Debug;
		};
		34799A18212E48D100BEB05F /* Release */ = {
			isa = XCBuildConfiguration;
			buildSettings = {
				ALWAYS_SEARCH_USER_PATHS = NO;
				CLANG_ANALYZER_NONNULL = YES;
				CLANG_ANALYZER_NUMBER_OBJECT_CONVERSION = YES_AGGRESSIVE;
				CLANG_CXX_LANGUAGE_STANDARD = "gnu++14";
				CLANG_CXX_LIBRARY = "libc++";
				CLANG_ENABLE_MODULES = YES;
				CLANG_ENABLE_OBJC_ARC = YES;
				CLANG_ENABLE_OBJC_WEAK = YES;
				CLANG_WARN_BLOCK_CAPTURE_AUTORELEASING = YES;
				CLANG_WARN_BOOL_CONVERSION = YES;
				CLANG_WARN_COMMA = YES;
				CLANG_WARN_CONSTANT_CONVERSION = YES;
				CLANG_WARN_DEPRECATED_OBJC_IMPLEMENTATIONS = YES;
				CLANG_WARN_DIRECT_OBJC_ISA_USAGE = YES_ERROR;
				CLANG_WARN_DOCUMENTATION_COMMENTS = YES;
				CLANG_WARN_EMPTY_BODY = YES;
				CLANG_WARN_ENUM_CONVERSION = YES;
				CLANG_WARN_INFINITE_RECURSION = YES;
				CLANG_WARN_INT_CONVERSION = YES;
				CLANG_WARN_NON_LITERAL_NULL_CONVERSION = YES;
				CLANG_WARN_OBJC_IMPLICIT_RETAIN_SELF = YES;
				CLANG_WARN_OBJC_LITERAL_CONVERSION = YES;
				CLANG_WARN_OBJC_ROOT_CLASS = YES_ERROR;
				CLANG_WARN_RANGE_LOOP_ANALYSIS = YES;
				CLANG_WARN_STRICT_PROTOTYPES = YES;
				CLANG_WARN_SUSPICIOUS_MOVE = YES;
				CLANG_WARN_UNGUARDED_AVAILABILITY = YES_AGGRESSIVE;
				CLANG_WARN_UNREACHABLE_CODE = YES;
				CLANG_WARN__DUPLICATE_METHOD_MATCH = YES;
				CODE_SIGN_IDENTITY = "iPhone Developer";
				COPY_PHASE_STRIP = NO;
				DEBUG_INFORMATION_FORMAT = "dwarf-with-dsym";
				ENABLE_NS_ASSERTIONS = NO;
				ENABLE_STRICT_OBJC_MSGSEND = YES;
				GCC_C_LANGUAGE_STANDARD = gnu11;
				GCC_NO_COMMON_BLOCKS = YES;
				GCC_WARN_64_TO_32_BIT_CONVERSION = YES;
				GCC_WARN_ABOUT_RETURN_TYPE = YES_ERROR;
				GCC_WARN_UNDECLARED_SELECTOR = YES;
				GCC_WARN_UNINITIALIZED_AUTOS = YES_AGGRESSIVE;
				GCC_WARN_UNUSED_FUNCTION = YES;
				GCC_WARN_UNUSED_VARIABLE = YES;
				IPHONEOS_DEPLOYMENT_TARGET = 11.4;
				MTL_ENABLE_DEBUG_INFO = NO;
				SDKROOT = iphoneos;
				SWIFT_OPTIMIZATION_LEVEL = "-Owholemodule";
				VALIDATE_PRODUCT = YES;
			};
			name = Release;
		};
		34799A1A212E48D100BEB05F /* Debug */ = {
			isa = XCBuildConfiguration;
			baseConfigurationReference = 3CE07B93C8787DDA24740BE4 /* Pods-BuoyFinder.debug.xcconfig */;
			buildSettings = {
				ASSETCATALOG_COMPILER_APPICON_NAME = AppIcon;
				CLANG_ENABLE_MODULES = YES;
				CODE_SIGN_STYLE = Automatic;
				DEVELOPMENT_TEAM = 39L46PD99U;
				INFOPLIST_FILE = BuoyFinder/Info.plist;
				LD_RUNPATH_SEARCH_PATHS = "$(inherited) @executable_path/Frameworks";
				LIBRARY_SEARCH_PATHS = "$(PROJECT_DIR)/../cargo/target/universal/release";
				PRODUCT_BUNDLE_IDENTIFIER = com.mpiannucci.BuoyFinder;
				PRODUCT_NAME = "$(TARGET_NAME)";
				SWIFT_OBJC_BRIDGING_HEADER = "BuoyFinder/BuoyFinder-Bridging-Header.h";
				SWIFT_OPTIMIZATION_LEVEL = "-Onone";
				SWIFT_VERSION = 4.0;
				TARGETED_DEVICE_FAMILY = "1,2";
			};
			name = Debug;
		};
		34799A1B212E48D100BEB05F /* Release */ = {
			isa = XCBuildConfiguration;
			baseConfigurationReference = 96EB73D73B3488B0F204E11B /* Pods-BuoyFinder.release.xcconfig */;
			buildSettings = {
				ASSETCATALOG_COMPILER_APPICON_NAME = AppIcon;
				CLANG_ENABLE_MODULES = YES;
				CODE_SIGN_STYLE = Automatic;
				DEVELOPMENT_TEAM = 39L46PD99U;
				INFOPLIST_FILE = BuoyFinder/Info.plist;
				LD_RUNPATH_SEARCH_PATHS = "$(inherited) @executable_path/Frameworks";
				LIBRARY_SEARCH_PATHS = "$(PROJECT_DIR)/../cargo/target/universal/release";
				PRODUCT_BUNDLE_IDENTIFIER = com.mpiannucci.BuoyFinder;
				PRODUCT_NAME = "$(TARGET_NAME)";
				SWIFT_OBJC_BRIDGING_HEADER = "BuoyFinder/BuoyFinder-Bridging-Header.h";
				SWIFT_VERSION = 4.0;
				TARGETED_DEVICE_FAMILY = "1,2";
			};
			name = Release;
		};
/* End XCBuildConfiguration section */

/* Begin XCConfigurationList section */
		34799A02212E48CF00BEB05F /* Build configuration list for PBXProject "BuoyFinder" */ = {
			isa = XCConfigurationList;
			buildConfigurations = (
				34799A17212E48D100BEB05F /* Debug */,
				34799A18212E48D100BEB05F /* Release */,
			);
			defaultConfigurationIsVisible = 0;
			defaultConfigurationName = Release;
		};
		34799A19212E48D100BEB05F /* Build configuration list for PBXNativeTarget "BuoyFinder" */ = {
			isa = XCConfigurationList;
			buildConfigurations = (
				34799A1A212E48D100BEB05F /* Debug */,
				34799A1B212E48D100BEB05F /* Release */,
			);
			defaultConfigurationIsVisible = 0;
			defaultConfigurationName = Release;
		};
/* End XCConfigurationList section */
	};
	rootObject = 347999FF212E48CF00BEB05F /* Project object */;
}
